{
  "requires": true,
  "lockfileVersion": 1,
  "dependencies": {
    "@shopify/draggable": {
      "version": "1.0.0-beta.8",
      "resolved": "https://registry.npmjs.org/@shopify/draggable/-/draggable-1.0.0-beta.8.tgz",
      "integrity": "sha512-9IeBPQM93Ad4qFKUopwuTClzoST/1OId4MaSd/8FB5ScCL2tl25UaOGNR8E2hjiL7xK4LN5+I1Ews6amS7YAiA=="
    },
    "dual-listbox": {
      "version": "1.4.0-alpha3",
      "resolved": "https://registry.npmjs.org/dual-listbox/-/dual-listbox-1.4.0-alpha3.tgz",
      "integrity": "sha512-Jtmnd1+8VCnUJx5TgC44F3qYaQv0J/mQcRmec33jk2Am2EZaFttI5WDpVoCG3AoGGHWNBZLXvZP7FneVZaM3iA==",
      "requires": {
        "@shopify/draggable": "^1.0.0-beta.8",
        "sortablejs": "^1.10.1"
      }
    },
    "sortablejs": {
      "version": "1.10.2",
      "resolved": "https://registry.npmjs.org/sortablejs/-/sortablejs-1.10.2.tgz",
      "integrity": "sha512-YkPGufevysvfwn5rfdlGyrGjt7/CRHwvRPogD/lC+TnvcN29jDpCifKP+rBqf+LRldfXSTh+0CGLcSg0VIxq3A=="
    }
  }
}
